// !$*UTF8*$!
{
	archiveVersion = 1;
	classes = {
	};
	objectVersion = 50;
	objects = {

/* Begin PBXBuildFile section */
		BF9ABFC928A7B2810054A2DF /* FullStoryViewController.swift in Sources */ = {isa = PBXBuildFile; fileRef = BF9ABFC828A7B2810054A2DF /* FullStoryViewController.swift */; };
		BF9ABFCC28A7BA8C0054A2DF /* FindImage.swift in Sources */ = {isa = PBXBuildFile; fileRef = BF9ABFCB28A7BA8C0054A2DF /* FindImage.swift */; };
		BFA03C4D28A6451F003F6931 /* AppDelegate.swift in Sources */ = {isa = PBXBuildFile; fileRef = BFA03C4C28A6451F003F6931 /* AppDelegate.swift */; };
		BFA03C4F28A6451F003F6931 /* SceneDelegate.swift in Sources */ = {isa = PBXBuildFile; fileRef = BFA03C4E28A6451F003F6931 /* SceneDelegate.swift */; };
		BFA03C5128A6451F003F6931 /* ViewController.swift in Sources */ = {isa = PBXBuildFile; fileRef = BFA03C5028A6451F003F6931 /* ViewController.swift */; };
		BFA03C5428A6451F003F6931 /* Main.storyboard in Resources */ = {isa = PBXBuildFile; fileRef = BFA03C5228A6451F003F6931 /* Main.storyboard */; };
		BFA03C5628A64520003F6931 /* Assets.xcassets in Resources */ = {isa = PBXBuildFile; fileRef = BFA03C5528A64520003F6931 /* Assets.xcassets */; };
		BFA03C5928A64520003F6931 /* LaunchScreen.storyboard in Resources */ = {isa = PBXBuildFile; fileRef = BFA03C5728A64520003F6931 /* LaunchScreen.storyboard */; };
		BFA03C6228A64C6F003F6931 /* NewsTableViewCell.swift in Sources */ = {isa = PBXBuildFile; fileRef = BFA03C6128A64C6F003F6931 /* NewsTableViewCell.swift */; };
		BFA03C6628A651B1003F6931 /* Post.swift in Sources */ = {isa = PBXBuildFile; fileRef = BFA03C6528A651B1003F6931 /* Post.swift */; };
		BFA03C6928A659A4003F6931 /* ViewController+tableView.swift in Sources */ = {isa = PBXBuildFile; fileRef = BFA03C6828A659A4003F6931 /* ViewController+tableView.swift */; };
		BFA03C6C28A65A0F003F6931 /* ViewController+XMLParser.swift in Sources */ = {isa = PBXBuildFile; fileRef = BFA03C6B28A65A0F003F6931 /* ViewController+XMLParser.swift */; };
		BFD369DC28A8FC51007D87ED /* SetImageWithURL.swift in Sources */ = {isa = PBXBuildFile; fileRef = BFD369DB28A8FC51007D87ED /* SetImageWithURL.swift */; };
/* End PBXBuildFile section */

/* Begin PBXFileReference section */
		BF9ABFC828A7B2810054A2DF /* FullStoryViewController.swift */ = {isa = PBXFileReference; lastKnownFileType = sourcecode.swift; path = FullStoryViewController.swift; sourceTree = "<group>"; };
		BF9ABFCB28A7BA8C0054A2DF /* FindImage.swift */ = {isa = PBXFileReference; lastKnownFileType = sourcecode.swift; path = FindImage.swift; sourceTree = "<group>"; };
		BFA03C4928A6451F003F6931 /* MacNews.app */ = {isa = PBXFileReference; explicitFileType = wrapper.application; includeInIndex = 0; path = MacNews.app; sourceTree = BUILT_PRODUCTS_DIR; };
		BFA03C4C28A6451F003F6931 /* AppDelegate.swift */ = {isa = PBXFileReference; lastKnownFileType = sourcecode.swift; path = AppDelegate.swift; sourceTree = "<group>"; };
		BFA03C4E28A6451F003F6931 /* SceneDelegate.swift */ = {isa = PBXFileReference; lastKnownFileType = sourcecode.swift; path = SceneDelegate.swift; sourceTree = "<group>"; };
		BFA03C5028A6451F003F6931 /* ViewController.swift */ = {isa = PBXFileReference; lastKnownFileType = sourcecode.swift; path = ViewController.swift; sourceTree = "<group>"; };
		BFA03C5328A6451F003F6931 /* Base */ = {isa = PBXFileReference; lastKnownFileType = file.storyboard; name = Base; path = Base.lproj/Main.storyboard; sourceTree = "<group>"; };
		BFA03C5528A64520003F6931 /* Assets.xcassets */ = {isa = PBXFileReference; lastKnownFileType = folder.assetcatalog; path = Assets.xcassets; sourceTree = "<group>"; };
		BFA03C5828A64520003F6931 /* Base */ = {isa = PBXFileReference; lastKnownFileType = file.storyboard; name = Base; path = Base.lproj/LaunchScreen.storyboard; sourceTree = "<group>"; };
		BFA03C5A28A64520003F6931 /* Info.plist */ = {isa = PBXFileReference; lastKnownFileType = text.plist.xml; path = Info.plist; sourceTree = "<group>"; };
		BFA03C6128A64C6F003F6931 /* NewsTableViewCell.swift */ = {isa = PBXFileReference; lastKnownFileType = sourcecode.swift; path = NewsTableViewCell.swift; sourceTree = "<group>"; };
		BFA03C6528A651B1003F6931 /* Post.swift */ = {isa = PBXFileReference; lastKnownFileType = sourcecode.swift; path = Post.swift; sourceTree = "<group>"; };
		BFA03C6828A659A4003F6931 /* ViewController+tableView.swift */ = {isa = PBXFileReference; lastKnownFileType = sourcecode.swift; path = "ViewController+tableView.swift"; sourceTree = "<group>"; };
		BFA03C6B28A65A0F003F6931 /* ViewController+XMLParser.swift */ = {isa = PBXFileReference; lastKnownFileType = sourcecode.swift; path = "ViewController+XMLParser.swift"; sourceTree = "<group>"; };
		BFD369DB28A8FC51007D87ED /* SetImageWithURL.swift */ = {isa = PBXFileReference; lastKnownFileType = sourcecode.swift; path = SetImageWithURL.swift; sourceTree = "<group>"; };
/* End PBXFileReference section */

/* Begin PBXFrameworksBuildPhase section */
		BFA03C4628A6451F003F6931 /* Frameworks */ = {
			isa = PBXFrameworksBuildPhase;
			buildActionMask = 2147483647;
			files = (
			);
			runOnlyForDeploymentPostprocessing = 0;
		};
/* End PBXFrameworksBuildPhase section */

/* Begin PBXGroup section */
		BF42353228ACE717008E6FBF /* Application */ = {
			isa = PBXGroup;
			children = (
				BF42353528ACE73A008E6FBF /* Controller */,
				BF42353428ACE734008E6FBF /* View */,
				BF42353328ACE728008E6FBF /* Model */,
			);
			path = Application;
			sourceTree = "<group>";
		};
		BF42353328ACE728008E6FBF /* Model */ = {
			isa = PBXGroup;
			children = (
			);
			path = Model;
			sourceTree = "<group>";
		};
		BF42353428ACE734008E6FBF /* View */ = {
			isa = PBXGroup;
			children = (
				BFA03C5228A6451F003F6931 /* Main.storyboard */,
				BFA03C5728A64520003F6931 /* LaunchScreen.storyboard */,
			);
			path = View;
			sourceTree = "<group>";
		};
		BF42353528ACE73A008E6FBF /* Controller */ = {
			isa = PBXGroup;
			children = (
				BFA03C4C28A6451F003F6931 /* AppDelegate.swift */,
				BFA03C4E28A6451F003F6931 /* SceneDelegate.swift */,
			);
			path = Controller;
			sourceTree = "<group>";
		};
		BF42353628ACE799008E6FBF /* Supporting files */ = {
			isa = PBXGroup;
			children = (
				BFA03C5528A64520003F6931 /* Assets.xcassets */,
				BFA03C5A28A64520003F6931 /* Info.plist */,
			);
			path = "Supporting files";
			sourceTree = "<group>";
		};
		BF42353728ACE84A008E6FBF /* Main Screen */ = {
			isa = PBXGroup;
			children = (
				BF42353A28ACE86A008E6FBF /* Model */,
				BF42353928ACE863008E6FBF /* View */,
				BF42353828ACE855008E6FBF /* Controller */,
			);
			path = "Main Screen";
			sourceTree = "<group>";
		};
		BF42353828ACE855008E6FBF /* Controller */ = {
			isa = PBXGroup;
			children = (
				BFA03C5028A6451F003F6931 /* ViewController.swift */,
				BFA03C6B28A65A0F003F6931 /* ViewController+XMLParser.swift */,
				BFA03C6828A659A4003F6931 /* ViewController+tableView.swift */,
				BF9ABFC828A7B2810054A2DF /* FullStoryViewController.swift */,
			);
			path = Controller;
			sourceTree = "<group>";
		};
		BF42353928ACE863008E6FBF /* View */ = {
			isa = PBXGroup;
			children = (
				BFA03C6128A64C6F003F6931 /* NewsTableViewCell.swift */,
			);
			path = View;
			sourceTree = "<group>";
		};
		BF42353A28ACE86A008E6FBF /* Model */ = {
			isa = PBXGroup;
			children = (
				BFA03C6528A651B1003F6931 /* Post.swift */,
				BFD369DB28A8FC51007D87ED /* SetImageWithURL.swift */,
				BF9ABFCB28A7BA8C0054A2DF /* FindImage.swift */,
			);
			path = Model;
			sourceTree = "<group>";
		};
		BFA03C4028A6451F003F6931 = {
			isa = PBXGroup;
			children = (
				BFA03C4B28A6451F003F6931 /* MacNews */,
				BFA03C4A28A6451F003F6931 /* Products */,
			);
			sourceTree = "<group>";
		};
		BFA03C4A28A6451F003F6931 /* Products */ = {
			isa = PBXGroup;
			children = (
				BFA03C4928A6451F003F6931 /* MacNews.app */,
			);
			name = Products;
			sourceTree = "<group>";
		};
		BFA03C4B28A6451F003F6931 /* MacNews */ = {
			isa = PBXGroup;
			children = (
				BF42353228ACE717008E6FBF /* Application */,
				BF42353728ACE84A008E6FBF /* Main Screen */,
				BF42353628ACE799008E6FBF /* Supporting files */,
			);
			path = MacNews;
			sourceTree = "<group>";
		};
/* End PBXGroup section */

/* Begin PBXNativeTarget section */
		BFA03C4828A6451F003F6931 /* MacNews */ = {
			isa = PBXNativeTarget;
			buildConfigurationList = BFA03C5D28A64520003F6931 /* Build configuration list for PBXNativeTarget "MacNews" */;
			buildPhases = (
				BFA03C4528A6451F003F6931 /* Sources */,
				BFA03C4628A6451F003F6931 /* Frameworks */,
				BFA03C4728A6451F003F6931 /* Resources */,
			);
			buildRules = (
			);
			dependencies = (
			);
			name = MacNews;
			productName = MacNews;
			productReference = BFA03C4928A6451F003F6931 /* MacNews.app */;
			productType = "com.apple.product-type.application";
		};
/* End PBXNativeTarget section */

/* Begin PBXProject section */
		BFA03C4128A6451F003F6931 /* Project object */ = {
			isa = PBXProject;
			attributes = {
				LastSwiftUpdateCheck = 1240;
				LastUpgradeCheck = 1240;
				TargetAttributes = {
					BFA03C4828A6451F003F6931 = {
						CreatedOnToolsVersion = 12.4;
					};
				};
			};
			buildConfigurationList = BFA03C4428A6451F003F6931 /* Build configuration list for PBXProject "MacNews" */;
			compatibilityVersion = "Xcode 9.3";
			developmentRegion = en;
			hasScannedForEncodings = 0;
			knownRegions = (
				en,
				Base,
			);
			mainGroup = BFA03C4028A6451F003F6931;
			productRefGroup = BFA03C4A28A6451F003F6931 /* Products */;
			projectDirPath = "";
			projectRoot = "";
			targets = (
				BFA03C4828A6451F003F6931 /* MacNews */,
			);
		};
/* End PBXProject section */

/* Begin PBXResourcesBuildPhase section */
		BFA03C4728A6451F003F6931 /* Resources */ = {
			isa = PBXResourcesBuildPhase;
			buildActionMask = 2147483647;
			files = (
				BFA03C5928A64520003F6931 /* LaunchScreen.storyboard in Resources */,
				BFA03C5628A64520003F6931 /* Assets.xcassets in Resources */,
				BFA03C5428A6451F003F6931 /* Main.storyboard in Resources */,
			);
			runOnlyForDeploymentPostprocessing = 0;
		};
/* End PBXResourcesBuildPhase section */

/* Begin PBXSourcesBuildPhase section */
		BFA03C4528A6451F003F6931 /* Sources */ = {
			isa = PBXSourcesBuildPhase;
			buildActionMask = 2147483647;
			files = (
				BFD369DC28A8FC51007D87ED /* SetImageWithURL.swift in Sources */,
				BFA03C5128A6451F003F6931 /* ViewController.swift in Sources */,
				BFA03C6C28A65A0F003F6931 /* ViewController+XMLParser.swift in Sources */,
				BF9ABFCC28A7BA8C0054A2DF /* FindImage.swift in Sources */,
				BFA03C4D28A6451F003F6931 /* AppDelegate.swift in Sources */,
				BF9ABFC928A7B2810054A2DF /* FullStoryViewController.swift in Sources */,
				BFA03C6228A64C6F003F6931 /* NewsTableViewCell.swift in Sources */,
				BFA03C6628A651B1003F6931 /* Post.swift in Sources */,
				BFA03C6928A659A4003F6931 /* ViewController+tableView.swift in Sources */,
				BFA03C4F28A6451F003F6931 /* SceneDelegate.swift in Sources */,
			);
			runOnlyForDeploymentPostprocessing = 0;
		};
/* End PBXSourcesBuildPhase section */

/* Begin PBXVariantGroup section */
		BFA03C5228A6451F003F6931 /* Main.storyboard */ = {
			isa = PBXVariantGroup;
			children = (
				BFA03C5328A6451F003F6931 /* Base */,
			);
			name = Main.storyboard;
			sourceTree = "<group>";
		};
		BFA03C5728A64520003F6931 /* LaunchScreen.storyboard */ = {
			isa = PBXVariantGroup;
			children = (
				BFA03C5828A64520003F6931 /* Base */,
			);
			name = LaunchScreen.storyboard;
			sourceTree = "<group>";
		};
/* End PBXVariantGroup section */

/* Begin XCBuildConfiguration section */
		BFA03C5B28A64520003F6931 /* Debug */ = {
			isa = XCBuildConfiguration;
			buildSettings = {
				ALWAYS_SEARCH_USER_PATHS = NO;
				CLANG_ANALYZER_NONNULL = YES;
				CLANG_ANALYZER_NUMBER_OBJECT_CONVERSION = YES_AGGRESSIVE;
				CLANG_CXX_LANGUAGE_STANDARD = "gnu++14";
				CLANG_CXX_LIBRARY = "libc++";
				CLANG_ENABLE_MODULES = YES;
				CLANG_ENABLE_OBJC_ARC = YES;
				CLANG_ENABLE_OBJC_WEAK = YES;
				CLANG_WARN_BLOCK_CAPTURE_AUTORELEASING = YES;
				CLANG_WARN_BOOL_CONVERSION = YES;
				CLANG_WARN_COMMA = YES;
				CLANG_WARN_CONSTANT_CONVERSION = YES;
				CLANG_WARN_DEPRECATED_OBJC_IMPLEMENTATIONS = YES;
				CLANG_WARN_DIRECT_OBJC_ISA_USAGE = YES_ERROR;
				CLANG_WARN_DOCUMENTATION_COMMENTS = YES;
				CLANG_WARN_EMPTY_BODY = YES;
				CLANG_WARN_ENUM_CONVERSION = YES;
				CLANG_WARN_INFINITE_RECURSION = YES;
				CLANG_WARN_INT_CONVERSION = YES;
				CLANG_WARN_NON_LITERAL_NULL_CONVERSION = YES;
				CLANG_WARN_OBJC_IMPLICIT_RETAIN_SELF = YES;
				CLANG_WARN_OBJC_LITERAL_CONVERSION = YES;
				CLANG_WARN_OBJC_ROOT_CLASS = YES_ERROR;
				CLANG_WARN_QUOTED_INCLUDE_IN_FRAMEWORK_HEADER = YES;
				CLANG_WARN_RANGE_LOOP_ANALYSIS = YES;
				CLANG_WARN_STRICT_PROTOTYPES = YES;
				CLANG_WARN_SUSPICIOUS_MOVE = YES;
				CLANG_WARN_UNGUARDED_AVAILABILITY = YES_AGGRESSIVE;
				CLANG_WARN_UNREACHABLE_CODE = YES;
				CLANG_WARN__DUPLICATE_METHOD_MATCH = YES;
				COPY_PHASE_STRIP = NO;
				DEBUG_INFORMATION_FORMAT = dwarf;
				ENABLE_STRICT_OBJC_MSGSEND = YES;
				ENABLE_TESTABILITY = YES;
				GCC_C_LANGUAGE_STANDARD = gnu11;
				GCC_DYNAMIC_NO_PIC = NO;
				GCC_NO_COMMON_BLOCKS = YES;
				GCC_OPTIMIZATION_LEVEL = 0;
				GCC_PREPROCESSOR_DEFINITIONS = (
					"DEBUG=1",
					"$(inherited)",
				);
				GCC_WARN_64_TO_32_BIT_CONVERSION = YES;
				GCC_WARN_ABOUT_RETURN_TYPE = YES_ERROR;
				GCC_WARN_UNDECLARED_SELECTOR = YES;
				GCC_WARN_UNINITIALIZED_AUTOS = YES_AGGRESSIVE;
				GCC_WARN_UNUSED_FUNCTION = YES;
				GCC_WARN_UNUSED_VARIABLE = YES;
				IPHONEOS_DEPLOYMENT_TARGET = 14.4;
				MTL_ENABLE_DEBUG_INFO = INCLUDE_SOURCE;
				MTL_FAST_MATH = YES;
				ONLY_ACTIVE_ARCH = YES;
				SDKROOT = iphoneos;
				SWIFT_ACTIVE_COMPILATION_CONDITIONS = DEBUG;
				SWIFT_OPTIMIZATION_LEVEL = "-Onone";
			};
			name = Debug;
		};
		BFA03C5C28A64520003F6931 /* Release */ = {
			isa = XCBuildConfiguration;
			buildSettings = {
				ALWAYS_SEARCH_USER_PATHS = NO;
				CLANG_ANALYZER_NONNULL = YES;
				CLANG_ANALYZER_NUMBER_OBJECT_CONVERSION = YES_AGGRESSIVE;
				CLANG_CXX_LANGUAGE_STANDARD = "gnu++14";
				CLANG_CXX_LIBRARY = "libc++";
				CLANG_ENABLE_MODULES = YES;
				CLANG_ENABLE_OBJC_ARC = YES;
				CLANG_ENABLE_OBJC_WEAK = YES;
				CLANG_WARN_BLOCK_CAPTURE_AUTORELEASING = YES;
				CLANG_WARN_BOOL_CONVERSION = YES;
				CLANG_WARN_COMMA = YES;
				CLANG_WARN_CONSTANT_CONVERSION = YES;
				CLANG_WARN_DEPRECATED_OBJC_IMPLEMENTATIONS = YES;
				CLANG_WARN_DIRECT_OBJC_ISA_USAGE = YES_ERROR;
				CLANG_WARN_DOCUMENTATION_COMMENTS = YES;
				CLANG_WARN_EMPTY_BODY = YES;
				CLANG_WARN_ENUM_CONVERSION = YES;
				CLANG_WARN_INFINITE_RECURSION = YES;
				CLANG_WARN_INT_CONVERSION = YES;
				CLANG_WARN_NON_LITERAL_NULL_CONVERSION = YES;
				CLANG_WARN_OBJC_IMPLICIT_RETAIN_SELF = YES;
				CLANG_WARN_OBJC_LITERAL_CONVERSION = YES;
				CLANG_WARN_OBJC_ROOT_CLASS = YES_ERROR;
				CLANG_WARN_QUOTED_INCLUDE_IN_FRAMEWORK_HEADER = YES;
				CLANG_WARN_RANGE_LOOP_ANALYSIS = YES;
				CLANG_WARN_STRICT_PROTOTYPES = YES;
				CLANG_WARN_SUSPICIOUS_MOVE = YES;
				CLANG_WARN_UNGUARDED_AVAILABILITY = YES_AGGRESSIVE;
				CLANG_WARN_UNREACHABLE_CODE = YES;
				CLANG_WARN__DUPLICATE_METHOD_MATCH = YES;
				COPY_PHASE_STRIP = NO;
				DEBUG_INFORMATION_FORMAT = "dwarf-with-dsym";
				ENABLE_NS_ASSERTIONS = NO;
				ENABLE_STRICT_OBJC_MSGSEND = YES;
				GCC_C_LANGUAGE_STANDARD = gnu11;
				GCC_NO_COMMON_BLOCKS = YES;
				GCC_WARN_64_TO_32_BIT_CONVERSION = YES;
				GCC_WARN_ABOUT_RETURN_TYPE = YES_ERROR;
				GCC_WARN_UNDECLARED_SELECTOR = YES;
				GCC_WARN_UNINITIALIZED_AUTOS = YES_AGGRESSIVE;
				GCC_WARN_UNUSED_FUNCTION = YES;
				GCC_WARN_UNUSED_VARIABLE = YES;
				IPHONEOS_DEPLOYMENT_TARGET = 14.4;
				MTL_ENABLE_DEBUG_INFO = NO;
				MTL_FAST_MATH = YES;
				SDKROOT = iphoneos;
				SWIFT_COMPILATION_MODE = wholemodule;
				SWIFT_OPTIMIZATION_LEVEL = "-O";
				VALIDATE_PRODUCT = YES;
			};
			name = Release;
		};
		BFA03C5E28A64520003F6931 /* Debug */ = {
			isa = XCBuildConfiguration;
			buildSettings = {
				ASSETCATALOG_COMPILER_APPICON_NAME = AppIcon;
				ASSETCATALOG_COMPILER_GLOBAL_ACCENT_COLOR_NAME = AccentColor;
				CODE_SIGN_STYLE = Automatic;
				DEVELOPMENT_TEAM = Z4DAU59V98;
				INFOPLIST_FILE = MacNews/Info.plist;
				LD_RUNPATH_SEARCH_PATHS = (
					"$(inherited)",
					"@executable_path/Frameworks",
				);
				PRODUCT_BUNDLE_IDENTIFIER = ua.advanc3d.MacNews;
				PRODUCT_NAME = "$(TARGET_NAME)";
				SWIFT_VERSION = 5.0;
				TARGETED_DEVICE_FAMILY = "1,2";
			};
			name = Debug;
		};
		BFA03C5F28A64520003F6931 /* Release */ = {
			isa = XCBuildConfiguration;
			buildSettings = {
				ASSETCATALOG_COMPILER_APPICON_NAME = AppIcon;
				ASSETCATALOG_COMPILER_GLOBAL_ACCENT_COLOR_NAME = AccentColor;
				CODE_SIGN_STYLE = Automatic;
				DEVELOPMENT_TEAM = Z4DAU59V98;
				INFOPLIST_FILE = MacNews/Info.plist;
				LD_RUNPATH_SEARCH_PATHS = (
					"$(inherited)",
					"@executable_path/Frameworks",
				);
				PRODUCT_BUNDLE_IDENTIFIER = ua.advanc3d.MacNews;
				PRODUCT_NAME = "$(TARGET_NAME)";
				SWIFT_VERSION = 5.0;
				TARGETED_DEVICE_FAMILY = "1,2";
			};
			name = Release;
		};
/* End XCBuildConfiguration section */

/* Begin XCConfigurationList section */
		BFA03C4428A6451F003F6931 /* Build configuration list for PBXProject "MacNews" */ = {
			isa = XCConfigurationList;
			buildConfigurations = (
				BFA03C5B28A64520003F6931 /* Debug */,
				BFA03C5C28A64520003F6931 /* Release */,
			);
			defaultConfigurationIsVisible = 0;
			defaultConfigurationName = Release;
		};
		BFA03C5D28A64520003F6931 /* Build configuration list for PBXNativeTarget "MacNews" */ = {
			isa = XCConfigurationList;
			buildConfigurations = (
				BFA03C5E28A64520003F6931 /* Debug */,
				BFA03C5F28A64520003F6931 /* Release */,
			);
			defaultConfigurationIsVisible = 0;
			defaultConfigurationName = Release;
		};
/* End XCConfigurationList section */
	};
	rootObject = BFA03C4128A6451F003F6931 /* Project object */;
}
